
Microsoft Visual Studio Solution File, Format Version 12.00
# Visual Studio Version 17
VisualStudioVersion = 17.4.33122.133
MinimumVisualStudioVersion = 10.0.40219.1
Project("{FAE04EC0-301F-11D3-BF4B-00C04F79EFBC}") = "MagicVila_VilaAPI", "MagicVila_VilaAPI\MagicVila_VilaAPI.csproj", "{7FBCEA1C-4402-4089-BF3C-F017250E9885}"
EndProject
Global
	GlobalSection(SolutionConfigurationPlatforms) = preSolution
		Debug|Any CPU = Debug|Any CPU
		Release|Any CPU = Release|Any CPU
	EndGlobalSection
	GlobalSection(ProjectConfigurationPlatforms) = postSolution
		{7FBCEA1C-4402-4089-BF3C-F017250E9885}.Debug|Any CPU.ActiveCfg = Debug|Any CPU
		{7FBCEA1C-4402-4089-BF3C-F017250E9885}.Debug|Any CPU.Build.0 = Debug|Any CPU
		{7FBCEA1C-4402-4089-BF3C-F017250E9885}.Release|Any CPU.ActiveCfg = Release|Any CPU
		{7FBCEA1C-4402-4089-BF3C-F017250E9885}.Release|Any CPU.Build.0 = Release|Any CPU
	EndGlobalSection
	GlobalSection(SolutionProperties) = preSolution
		HideSolutionNode = FALSE
	EndGlobalSection
	GlobalSection(ExtensibilityGlobals) = postSolution
		SolutionGuid = {4142D736-4686-4C33-84F5-99A033BCA483}
	EndGlobalSection
EndGlobal
